
Microsoft Visual Studio Solution File, Format Version 12.00
# Visual Studio Version 16
VisualStudioVersion = 16.0.31410.357
MinimumVisualStudioVersion = 10.0.40219.1
Project("{9A19103F-16F7-4668-BE54-9A1E7A4F7556}") = "BlazorPokerPlanning.Server", "Server\BlazorPokerPlanning.Server.csproj", "{A211E591-01C3-46C3-99AC-DE4D498E624F}"
EndProject
Project("{9A19103F-16F7-4668-BE54-9A1E7A4F7556}") = "BlazorPokerPlanning.Client", "Client\BlazorPokerPlanning.Client.csproj", "{05F44E51-A0DB-43CF-8595-B4C0ECD71182}"
EndProject
Project("{9A19103F-16F7-4668-BE54-9A1E7A4F7556}") = "BlazorPokerPlanning.Shared", "Shared\BlazorPokerPlanning.Shared.csproj", "{0D1B8CB5-DBB9-4F77-A57E-6B3197DF63DA}"
EndProject
Global
	GlobalSection(SolutionConfigurationPlatforms) = preSolution
		Debug|Any CPU = Debug|Any CPU
		Release|Any CPU = Release|Any CPU
	EndGlobalSection
	GlobalSection(ProjectConfigurationPlatforms) = postSolution
		{A211E591-01C3-46C3-99AC-DE4D498E624F}.Debug|Any CPU.ActiveCfg = Debug|Any CPU
		{A211E591-01C3-46C3-99AC-DE4D498E624F}.Debug|Any CPU.Build.0 = Debug|Any CPU
		{A211E591-01C3-46C3-99AC-DE4D498E624F}.Release|Any CPU.ActiveCfg = Release|Any CPU
		{A211E591-01C3-46C3-99AC-DE4D498E624F}.Release|Any CPU.Build.0 = Release|Any CPU
		{05F44E51-A0DB-43CF-8595-B4C0ECD71182}.Debug|Any CPU.ActiveCfg = Debug|Any CPU
		{05F44E51-A0DB-43CF-8595-B4C0ECD71182}.Debug|Any CPU.Build.0 = Debug|Any CPU
		{05F44E51-A0DB-43CF-8595-B4C0ECD71182}.Release|Any CPU.ActiveCfg = Release|Any CPU
		{05F44E51-A0DB-43CF-8595-B4C0ECD71182}.Release|Any CPU.Build.0 = Release|Any CPU
		{0D1B8CB5-DBB9-4F77-A57E-6B3197DF63DA}.Debug|Any CPU.ActiveCfg = Debug|Any CPU
		{0D1B8CB5-DBB9-4F77-A57E-6B3197DF63DA}.Debug|Any CPU.Build.0 = Debug|Any CPU
		{0D1B8CB5-DBB9-4F77-A57E-6B3197DF63DA}.Release|Any CPU.ActiveCfg = Release|Any CPU
		{0D1B8CB5-DBB9-4F77-A57E-6B3197DF63DA}.Release|Any CPU.Build.0 = Release|Any CPU
	EndGlobalSection
	GlobalSection(SolutionProperties) = preSolution
		HideSolutionNode = FALSE
	EndGlobalSection
	GlobalSection(ExtensibilityGlobals) = postSolution
		SolutionGuid = {0477F755-9EAF-4B41-9120-69B1025DABD6}
	EndGlobalSection
EndGlobal
